gitee.com/wangx1n9347/common_go v0.0.0-20220302170753-f583696aea78 h1:my3nb3cPKUT7jtCHY3ftx6xHTfKateWTMN7XVU9C9nY=
gitee.com/wangx1n9347/common_go v0.0.0-20220302170753-f583696aea78/go.mod h1:lGRBcMc2cEwcQZj4lCg2ZXcUGyif7ntLXy30mjHp4No=
github.com/emirpasic/gods v1.18.1 h1:FXtiHYKDGKCW2KzwZKx0iC0PQmdlorYgdFG9jPXJ1Bc=
github.com/emirpasic/gods v1.18.1/go.mod h1:8tpGGwCnJ5H4r6BWwaV6OrWmMoPhUl5jm/FMNAnJvWQ=
github.com/wangx1n/Common_go v0.0.0-20220302105307-eee1f77703b0 h1:Zo4KxOfACpRstIErvgqVOf5BEe/720EzULG2i9Zd7Es=
github.com/wangx1n/Common_go v0.0.0-20220302105307-eee1f77703b0/go.mod h1:jtVB6Wa/yIwgzd8Jq757FIn+5QPQzke7ZEzbkwuZv3Q=
